
Microsoft Visual Studio Solution File, Format Version 12.00
# Visual Studio Version 16
VisualStudioVersion = 16.0.29009.5
MinimumVisualStudioVersion = 10.0.40219.1
Project("{2150E333-8FDC-42A3-9474-1A3956D46DE8}") = "src", "src", "{A3453BA7-3F85-47D1-A4F3-020C81BAE358}"
EndProject
Project("{9A19103F-16F7-4668-BE54-9A1E7A4F7556}") = "AspNet.Identity.MongoDB", "src\AspNet.Identity.MongoDB\AspNet.Identity.MongoDB.csproj", "{99D4C824-4E1B-4744-852C-98A5676D239E}"
EndProject
Global
	GlobalSection(SolutionConfigurationPlatforms) = preSolution
		Debug|Any CPU = Debug|Any CPU
		Release|Any CPU = Release|Any CPU
	EndGlobalSection
	GlobalSection(ProjectConfigurationPlatforms) = postSolution
		{99D4C824-4E1B-4744-852C-98A5676D239E}.Debug|Any CPU.ActiveCfg = Debug|Any CPU
		{99D4C824-4E1B-4744-852C-98A5676D239E}.Debug|Any CPU.Build.0 = Debug|Any CPU
		{99D4C824-4E1B-4744-852C-98A5676D239E}.Release|Any CPU.ActiveCfg = Release|Any CPU
		{99D4C824-4E1B-4744-852C-98A5676D239E}.Release|Any CPU.Build.0 = Release|Any CPU
	EndGlobalSection
	GlobalSection(SolutionProperties) = preSolution
		HideSolutionNode = FALSE
	EndGlobalSection
	GlobalSection(NestedProjects) = preSolution
		{99D4C824-4E1B-4744-852C-98A5676D239E} = {A3453BA7-3F85-47D1-A4F3-020C81BAE358}
	EndGlobalSection
	GlobalSection(ExtensibilityGlobals) = postSolution
		SolutionGuid = {7262940E-9FB2-4728-A662-979BE76182B9}
	EndGlobalSection
EndGlobal
